
Microsoft Visual Studio Solution File, Format Version 12.00
# Visual Studio 15
VisualStudioVersion = 15.0.26124.0
MinimumVisualStudioVersion = 15.0.26124.0
Project("{2150E333-8FDC-42A3-9474-1A3956D46DE8}") = "src", "src", "{827E0CD3-B72D-47B6-A68D-7590B98EB39B}"
EndProject
Project("{FAE04EC0-301F-11D3-BF4B-00C04F79EFBC}") = "DecimalOverflow", "src\DecimalOverflow\DecimalOverflow.csproj", "{0E180ECB-F834-41D8-80F5-8DC0284E40B6}"
EndProject
Project("{FAE04EC0-301F-11D3-BF4B-00C04F79EFBC}") = "HashCodes", "src\HashCodes\HashCodes.csproj", "{AE1ECC13-CDFC-417B-9E3E-1B0596013A73}"
EndProject
Project("{FAE04EC0-301F-11D3-BF4B-00C04F79EFBC}") = "Kroleg", "src\Kroleg\Kroleg.csproj", "{80654117-D66A-4E7E-BF36-2587B637461B}"
EndProject
Project("{FAE04EC0-301F-11D3-BF4B-00C04F79EFBC}") = "QuartzDemo", "src\QuartzDemo\QuartzDemo.csproj", "{F9360A4B-F71D-4DFB-BD45-BD3314EA6CF4}"
EndProject
Project("{FAE04EC0-301F-11D3-BF4B-00C04F79EFBC}") = "TwoEnumerables", "src\TwoEnumerables\TwoEnumerables.csproj", "{1B92A5DA-7989-4DBB-BE50-16B159D12974}"
EndProject
Project("{FAE04EC0-301F-11D3-BF4B-00C04F79EFBC}") = "LocalVsHeap", "src\LocalVsHeap\LocalVsHeap.csproj", "{E1EDD102-AE14-4703-B13A-36476E9B5F6F}"
EndProject
Global
	GlobalSection(SolutionConfigurationPlatforms) = preSolution
		Debug|Any CPU = Debug|Any CPU
		Debug|x64 = Debug|x64
		Debug|x86 = Debug|x86
		Release|Any CPU = Release|Any CPU
		Release|x64 = Release|x64
		Release|x86 = Release|x86
	EndGlobalSection
	GlobalSection(ProjectConfigurationPlatforms) = postSolution
		{0E180ECB-F834-41D8-80F5-8DC0284E40B6}.Debug|Any CPU.ActiveCfg = Debug|Any CPU
		{0E180ECB-F834-41D8-80F5-8DC0284E40B6}.Debug|Any CPU.Build.0 = Debug|Any CPU
		{0E180ECB-F834-41D8-80F5-8DC0284E40B6}.Debug|x64.ActiveCfg = Debug|Any CPU
		{0E180ECB-F834-41D8-80F5-8DC0284E40B6}.Debug|x64.Build.0 = Debug|Any CPU
		{0E180ECB-F834-41D8-80F5-8DC0284E40B6}.Debug|x86.ActiveCfg = Debug|Any CPU
		{0E180ECB-F834-41D8-80F5-8DC0284E40B6}.Debug|x86.Build.0 = Debug|Any CPU
		{0E180ECB-F834-41D8-80F5-8DC0284E40B6}.Release|Any CPU.ActiveCfg = Release|Any CPU
		{0E180ECB-F834-41D8-80F5-8DC0284E40B6}.Release|Any CPU.Build.0 = Release|Any CPU
		{0E180ECB-F834-41D8-80F5-8DC0284E40B6}.Release|x64.ActiveCfg = Release|Any CPU
		{0E180ECB-F834-41D8-80F5-8DC0284E40B6}.Release|x64.Build.0 = Release|Any CPU
		{0E180ECB-F834-41D8-80F5-8DC0284E40B6}.Release|x86.ActiveCfg = Release|Any CPU
		{0E180ECB-F834-41D8-80F5-8DC0284E40B6}.Release|x86.Build.0 = Release|Any CPU
		{AE1ECC13-CDFC-417B-9E3E-1B0596013A73}.Debug|Any CPU.ActiveCfg = Debug|Any CPU
		{AE1ECC13-CDFC-417B-9E3E-1B0596013A73}.Debug|Any CPU.Build.0 = Debug|Any CPU
		{AE1ECC13-CDFC-417B-9E3E-1B0596013A73}.Debug|x64.ActiveCfg = Debug|Any CPU
		{AE1ECC13-CDFC-417B-9E3E-1B0596013A73}.Debug|x64.Build.0 = Debug|Any CPU
		{AE1ECC13-CDFC-417B-9E3E-1B0596013A73}.Debug|x86.ActiveCfg = Debug|Any CPU
		{AE1ECC13-CDFC-417B-9E3E-1B0596013A73}.Debug|x86.Build.0 = Debug|Any CPU
		{AE1ECC13-CDFC-417B-9E3E-1B0596013A73}.Release|Any CPU.ActiveCfg = Release|Any CPU
		{AE1ECC13-CDFC-417B-9E3E-1B0596013A73}.Release|Any CPU.Build.0 = Release|Any CPU
		{AE1ECC13-CDFC-417B-9E3E-1B0596013A73}.Release|x64.ActiveCfg = Release|Any CPU
		{AE1ECC13-CDFC-417B-9E3E-1B0596013A73}.Release|x64.Build.0 = Release|Any CPU
		{AE1ECC13-CDFC-417B-9E3E-1B0596013A73}.Release|x86.ActiveCfg = Release|Any CPU
		{AE1ECC13-CDFC-417B-9E3E-1B0596013A73}.Release|x86.Build.0 = Release|Any CPU
		{80654117-D66A-4E7E-BF36-2587B637461B}.Debug|Any CPU.ActiveCfg = Debug|Any CPU
		{80654117-D66A-4E7E-BF36-2587B637461B}.Debug|Any CPU.Build.0 = Debug|Any CPU
		{80654117-D66A-4E7E-BF36-2587B637461B}.Debug|x64.ActiveCfg = Debug|Any CPU
		{80654117-D66A-4E7E-BF36-2587B637461B}.Debug|x64.Build.0 = Debug|Any CPU
		{80654117-D66A-4E7E-BF36-2587B637461B}.Debug|x86.ActiveCfg = Debug|Any CPU
		{80654117-D66A-4E7E-BF36-2587B637461B}.Debug|x86.Build.0 = Debug|Any CPU
		{80654117-D66A-4E7E-BF36-2587B637461B}.Release|Any CPU.ActiveCfg = Release|Any CPU
		{80654117-D66A-4E7E-BF36-2587B637461B}.Release|Any CPU.Build.0 = Release|Any CPU
		{80654117-D66A-4E7E-BF36-2587B637461B}.Release|x64.ActiveCfg = Release|Any CPU
		{80654117-D66A-4E7E-BF36-2587B637461B}.Release|x64.Build.0 = Release|Any CPU
		{80654117-D66A-4E7E-BF36-2587B637461B}.Release|x86.ActiveCfg = Release|Any CPU
		{80654117-D66A-4E7E-BF36-2587B637461B}.Release|x86.Build.0 = Release|Any CPU
		{F9360A4B-F71D-4DFB-BD45-BD3314EA6CF4}.Debug|Any CPU.ActiveCfg = Debug|Any CPU
		{F9360A4B-F71D-4DFB-BD45-BD3314EA6CF4}.Debug|Any CPU.Build.0 = Debug|Any CPU
		{F9360A4B-F71D-4DFB-BD45-BD3314EA6CF4}.Debug|x64.ActiveCfg = Debug|Any CPU
		{F9360A4B-F71D-4DFB-BD45-BD3314EA6CF4}.Debug|x64.Build.0 = Debug|Any CPU
		{F9360A4B-F71D-4DFB-BD45-BD3314EA6CF4}.Debug|x86.ActiveCfg = Debug|Any CPU
		{F9360A4B-F71D-4DFB-BD45-BD3314EA6CF4}.Debug|x86.Build.0 = Debug|Any CPU
		{F9360A4B-F71D-4DFB-BD45-BD3314EA6CF4}.Release|Any CPU.ActiveCfg = Release|Any CPU
		{F9360A4B-F71D-4DFB-BD45-BD3314EA6CF4}.Release|Any CPU.Build.0 = Release|Any CPU
		{F9360A4B-F71D-4DFB-BD45-BD3314EA6CF4}.Release|x64.ActiveCfg = Release|Any CPU
		{F9360A4B-F71D-4DFB-BD45-BD3314EA6CF4}.Release|x64.Build.0 = Release|Any CPU
		{F9360A4B-F71D-4DFB-BD45-BD3314EA6CF4}.Release|x86.ActiveCfg = Release|Any CPU
		{F9360A4B-F71D-4DFB-BD45-BD3314EA6CF4}.Release|x86.Build.0 = Release|Any CPU
		{1B92A5DA-7989-4DBB-BE50-16B159D12974}.Debug|Any CPU.ActiveCfg = Debug|Any CPU
		{1B92A5DA-7989-4DBB-BE50-16B159D12974}.Debug|Any CPU.Build.0 = Debug|Any CPU
		{1B92A5DA-7989-4DBB-BE50-16B159D12974}.Debug|x64.ActiveCfg = Debug|Any CPU
		{1B92A5DA-7989-4DBB-BE50-16B159D12974}.Debug|x64.Build.0 = Debug|Any CPU
		{1B92A5DA-7989-4DBB-BE50-16B159D12974}.Debug|x86.ActiveCfg = Debug|Any CPU
		{1B92A5DA-7989-4DBB-BE50-16B159D12974}.Debug|x86.Build.0 = Debug|Any CPU
		{1B92A5DA-7989-4DBB-BE50-16B159D12974}.Release|Any CPU.ActiveCfg = Release|Any CPU
		{1B92A5DA-7989-4DBB-BE50-16B159D12974}.Release|Any CPU.Build.0 = Release|Any CPU
		{1B92A5DA-7989-4DBB-BE50-16B159D12974}.Release|x64.ActiveCfg = Release|Any CPU
		{1B92A5DA-7989-4DBB-BE50-16B159D12974}.Release|x64.Build.0 = Release|Any CPU
		{1B92A5DA-7989-4DBB-BE50-16B159D12974}.Release|x86.ActiveCfg = Release|Any CPU
		{1B92A5DA-7989-4DBB-BE50-16B159D12974}.Release|x86.Build.0 = Release|Any CPU
		{E1EDD102-AE14-4703-B13A-36476E9B5F6F}.Debug|Any CPU.ActiveCfg = Debug|Any CPU
		{E1EDD102-AE14-4703-B13A-36476E9B5F6F}.Debug|Any CPU.Build.0 = Debug|Any CPU
		{E1EDD102-AE14-4703-B13A-36476E9B5F6F}.Debug|x64.ActiveCfg = Debug|Any CPU
		{E1EDD102-AE14-4703-B13A-36476E9B5F6F}.Debug|x64.Build.0 = Debug|Any CPU
		{E1EDD102-AE14-4703-B13A-36476E9B5F6F}.Debug|x86.ActiveCfg = Debug|Any CPU
		{E1EDD102-AE14-4703-B13A-36476E9B5F6F}.Debug|x86.Build.0 = Debug|Any CPU
		{E1EDD102-AE14-4703-B13A-36476E9B5F6F}.Release|Any CPU.ActiveCfg = Release|Any CPU
		{E1EDD102-AE14-4703-B13A-36476E9B5F6F}.Release|Any CPU.Build.0 = Release|Any CPU
		{E1EDD102-AE14-4703-B13A-36476E9B5F6F}.Release|x64.ActiveCfg = Release|Any CPU
		{E1EDD102-AE14-4703-B13A-36476E9B5F6F}.Release|x64.Build.0 = Release|Any CPU
		{E1EDD102-AE14-4703-B13A-36476E9B5F6F}.Release|x86.ActiveCfg = Release|Any CPU
		{E1EDD102-AE14-4703-B13A-36476E9B5F6F}.Release|x86.Build.0 = Release|Any CPU
	EndGlobalSection
	GlobalSection(SolutionProperties) = preSolution
		HideSolutionNode = FALSE
	EndGlobalSection
	GlobalSection(NestedProjects) = preSolution
		{0E180ECB-F834-41D8-80F5-8DC0284E40B6} = {827E0CD3-B72D-47B6-A68D-7590B98EB39B}
		{AE1ECC13-CDFC-417B-9E3E-1B0596013A73} = {827E0CD3-B72D-47B6-A68D-7590B98EB39B}
		{80654117-D66A-4E7E-BF36-2587B637461B} = {827E0CD3-B72D-47B6-A68D-7590B98EB39B}
		{F9360A4B-F71D-4DFB-BD45-BD3314EA6CF4} = {827E0CD3-B72D-47B6-A68D-7590B98EB39B}
		{1B92A5DA-7989-4DBB-BE50-16B159D12974} = {827E0CD3-B72D-47B6-A68D-7590B98EB39B}
		{E1EDD102-AE14-4703-B13A-36476E9B5F6F} = {827E0CD3-B72D-47B6-A68D-7590B98EB39B}
	EndGlobalSection
EndGlobal
